// !$*UTF8*$!
{
	archiveVersion = 1;
	classes = {
	};
	objectVersion = 50;
	objects = {

/* Begin PBXBuildFile section */
		C465EA7022EC2E6A001BF59B /* AppDelegate.swift in Sources */ = {isa = PBXBuildFile; fileRef = C465EA6F22EC2E6A001BF59B /* AppDelegate.swift */; };
		C465EA7222EC2E6A001BF59B /* ViewController.swift in Sources */ = {isa = PBXBuildFile; fileRef = C465EA7122EC2E6A001BF59B /* ViewController.swift */; };
		C465EA7522EC2E6A001BF59B /* Main.storyboard in Resources */ = {isa = PBXBuildFile; fileRef = C465EA7322EC2E6A001BF59B /* Main.storyboard */; };
		C465EA7822EC2E6A001BF59B /* GaanaAssignment.xcdatamodeld in Sources */ = {isa = PBXBuildFile; fileRef = C465EA7622EC2E6A001BF59B /* GaanaAssignment.xcdatamodeld */; };
		C465EA7A22EC2E70001BF59B /* Assets.xcassets in Resources */ = {isa = PBXBuildFile; fileRef = C465EA7922EC2E70001BF59B /* Assets.xcassets */; };
		C465EA7D22EC2E70001BF59B /* LaunchScreen.storyboard in Resources */ = {isa = PBXBuildFile; fileRef = C465EA7B22EC2E70001BF59B /* LaunchScreen.storyboard */; };
		C465EA8822EC2E70001BF59B /* GaanaAssignmentTests.swift in Sources */ = {isa = PBXBuildFile; fileRef = C465EA8722EC2E70001BF59B /* GaanaAssignmentTests.swift */; };
		C465EA9322EC2E70001BF59B /* GaanaAssignmentUITests.swift in Sources */ = {isa = PBXBuildFile; fileRef = C465EA9222EC2E70001BF59B /* GaanaAssignmentUITests.swift */; };
		C465EAAC22EC318C001BF59B /* GaanaTableViewCell.swift in Sources */ = {isa = PBXBuildFile; fileRef = C465EAAA22EC318C001BF59B /* GaanaTableViewCell.swift */; };
		C465EAAD22EC318C001BF59B /* GaanaTableViewCell.xib in Resources */ = {isa = PBXBuildFile; fileRef = C465EAAB22EC318C001BF59B /* GaanaTableViewCell.xib */; };
		C465EAAF22EC32A6001BF59B /* GaanaViewModel.swift in Sources */ = {isa = PBXBuildFile; fileRef = C465EAAE22EC32A6001BF59B /* GaanaViewModel.swift */; };
		C465EAB322EC3386001BF59B /* Sections.swift in Sources */ = {isa = PBXBuildFile; fileRef = C465EAB022EC3386001BF59B /* Sections.swift */; };
		C465EAB422EC3386001BF59B /* GaanaBase.swift in Sources */ = {isa = PBXBuildFile; fileRef = C465EAB122EC3386001BF59B /* GaanaBase.swift */; };
		C465EAB522EC3386001BF59B /* Tracks.swift in Sources */ = {isa = PBXBuildFile; fileRef = C465EAB222EC3386001BF59B /* Tracks.swift */; };
		C465EAB722EC33C9001BF59B /* NetworkDataLoader.swift in Sources */ = {isa = PBXBuildFile; fileRef = C465EAB622EC33C9001BF59B /* NetworkDataLoader.swift */; };
		C465EABC22EC344F001BF59B /* APIErrors.swift in Sources */ = {isa = PBXBuildFile; fileRef = C465EAB922EC344F001BF59B /* APIErrors.swift */; };
		C465EABD22EC344F001BF59B /* AsyncImageView.swift in Sources */ = {isa = PBXBuildFile; fileRef = C465EABA22EC344F001BF59B /* AsyncImageView.swift */; };
		C465EAC122EC35E0001BF59B /* String+URLRequest.swift in Sources */ = {isa = PBXBuildFile; fileRef = C465EAC022EC35E0001BF59B /* String+URLRequest.swift */; };
		C465EAC322EC38B6001BF59B /* GaanaServiceTest.swift in Sources */ = {isa = PBXBuildFile; fileRef = C465EAC222EC38B6001BF59B /* GaanaServiceTest.swift */; };
		C465EAC522EC38FC001BF59B /* ServiceDummy.json in Resources */ = {isa = PBXBuildFile; fileRef = C465EAC422EC38FC001BF59B /* ServiceDummy.json */; };
		C465EAC822EC3C95001BF59B /* Top50CollectionCell.swift in Sources */ = {isa = PBXBuildFile; fileRef = C465EAC622EC3C95001BF59B /* Top50CollectionCell.swift */; };
		C465EAC922EC3C95001BF59B /* Top50CollectionCell.xib in Resources */ = {isa = PBXBuildFile; fileRef = C465EAC722EC3C95001BF59B /* Top50CollectionCell.xib */; };
/* End PBXBuildFile section */

/* Begin PBXContainerItemProxy section */
		C465EA8422EC2E70001BF59B /* PBXContainerItemProxy */ = {
			isa = PBXContainerItemProxy;
			containerPortal = C465EA6422EC2E6A001BF59B /* Project object */;
			proxyType = 1;
			remoteGlobalIDString = C465EA6B22EC2E6A001BF59B;
			remoteInfo = GaanaAssignment;
		};
		C465EA8F22EC2E70001BF59B /* PBXContainerItemProxy */ = {
			isa = PBXContainerItemProxy;
			containerPortal = C465EA6422EC2E6A001BF59B /* Project object */;
			proxyType = 1;
			remoteGlobalIDString = C465EA6B22EC2E6A001BF59B;
			remoteInfo = GaanaAssignment;
		};
/* End PBXContainerItemProxy section */

/* Begin PBXFileReference section */
		C465EA6C22EC2E6A001BF59B /* GaanaAssignment.app */ = {isa = PBXFileReference; explicitFileType = wrapper.application; includeInIndex = 0; path = GaanaAssignment.app; sourceTree = BUILT_PRODUCTS_DIR; };
		C465EA6F22EC2E6A001BF59B /* AppDelegate.swift */ = {isa = PBXFileReference; lastKnownFileType = sourcecode.swift; path = AppDelegate.swift; sourceTree = "<group>"; };
		C465EA7122EC2E6A001BF59B /* ViewController.swift */ = {isa = PBXFileReference; lastKnownFileType = sourcecode.swift; path = ViewController.swift; sourceTree = "<group>"; };
		C465EA7422EC2E6A001BF59B /* Base */ = {isa = PBXFileReference; lastKnownFileType = file.storyboard; name = Base; path = Base.lproj/Main.storyboard; sourceTree = "<group>"; };
		C465EA7722EC2E6A001BF59B /* GaanaAssignment.xcdatamodel */ = {isa = PBXFileReference; lastKnownFileType = wrapper.xcdatamodel; path = GaanaAssignment.xcdatamodel; sourceTree = "<group>"; };
		C465EA7922EC2E70001BF59B /* Assets.xcassets */ = {isa = PBXFileReference; lastKnownFileType = folder.assetcatalog; path = Assets.xcassets; sourceTree = "<group>"; };
		C465EA7C22EC2E70001BF59B /* Base */ = {isa = PBXFileReference; lastKnownFileType = file.storyboard; name = Base; path = Base.lproj/LaunchScreen.storyboard; sourceTree = "<group>"; };
		C465EA7E22EC2E70001BF59B /* Info.plist */ = {isa = PBXFileReference; lastKnownFileType = text.plist.xml; path = Info.plist; sourceTree = "<group>"; };
		C465EA8322EC2E70001BF59B /* GaanaAssignmentTests.xctest */ = {isa = PBXFileReference; explicitFileType = wrapper.cfbundle; includeInIndex = 0; path = GaanaAssignmentTests.xctest; sourceTree = BUILT_PRODUCTS_DIR; };
		C465EA8722EC2E70001BF59B /* GaanaAssignmentTests.swift */ = {isa = PBXFileReference; lastKnownFileType = sourcecode.swift; path = GaanaAssignmentTests.swift; sourceTree = "<group>"; };
		C465EA8922EC2E70001BF59B /* Info.plist */ = {isa = PBXFileReference; lastKnownFileType = text.plist.xml; path = Info.plist; sourceTree = "<group>"; };
		C465EA8E22EC2E70001BF59B /* GaanaAssignmentUITests.xctest */ = {isa = PBXFileReference; explicitFileType = wrapper.cfbundle; includeInIndex = 0; path = GaanaAssignmentUITests.xctest; sourceTree = BUILT_PRODUCTS_DIR; };
		C465EA9222EC2E70001BF59B /* GaanaAssignmentUITests.swift */ = {isa = PBXFileReference; lastKnownFileType = sourcecode.swift; path = GaanaAssignmentUITests.swift; sourceTree = "<group>"; };
		C465EA9422EC2E70001BF59B /* Info.plist */ = {isa = PBXFileReference; lastKnownFileType = text.plist.xml; path = Info.plist; sourceTree = "<group>"; };
		C465EAAA22EC318C001BF59B /* GaanaTableViewCell.swift */ = {isa = PBXFileReference; lastKnownFileType = sourcecode.swift; path = GaanaTableViewCell.swift; sourceTree = "<group>"; };
		C465EAAB22EC318C001BF59B /* GaanaTableViewCell.xib */ = {isa = PBXFileReference; lastKnownFileType = file.xib; path = GaanaTableViewCell.xib; sourceTree = "<group>"; };
		C465EAAE22EC32A6001BF59B /* GaanaViewModel.swift */ = {isa = PBXFileReference; lastKnownFileType = sourcecode.swift; path = GaanaViewModel.swift; sourceTree = "<group>"; };
		C465EAB022EC3386001BF59B /* Sections.swift */ = {isa = PBXFileReference; fileEncoding = 4; lastKnownFileType = sourcecode.swift; path = Sections.swift; sourceTree = "<group>"; };
		C465EAB122EC3386001BF59B /* GaanaBase.swift */ = {isa = PBXFileReference; fileEncoding = 4; lastKnownFileType = sourcecode.swift; path = GaanaBase.swift; sourceTree = "<group>"; };
		C465EAB222EC3386001BF59B /* Tracks.swift */ = {isa = PBXFileReference; fileEncoding = 4; lastKnownFileType = sourcecode.swift; path = Tracks.swift; sourceTree = "<group>"; };
		C465EAB622EC33C9001BF59B /* NetworkDataLoader.swift */ = {isa = PBXFileReference; lastKnownFileType = sourcecode.swift; path = NetworkDataLoader.swift; sourceTree = "<group>"; };
		C465EAB922EC344F001BF59B /* APIErrors.swift */ = {isa = PBXFileReference; fileEncoding = 4; lastKnownFileType = sourcecode.swift; path = APIErrors.swift; sourceTree = "<group>"; };
		C465EABA22EC344F001BF59B /* AsyncImageView.swift */ = {isa = PBXFileReference; fileEncoding = 4; lastKnownFileType = sourcecode.swift; path = AsyncImageView.swift; sourceTree = "<group>"; };
		C465EAC022EC35E0001BF59B /* String+URLRequest.swift */ = {isa = PBXFileReference; fileEncoding = 4; lastKnownFileType = sourcecode.swift; path = "String+URLRequest.swift"; sourceTree = "<group>"; };
		C465EAC222EC38B6001BF59B /* GaanaServiceTest.swift */ = {isa = PBXFileReference; lastKnownFileType = sourcecode.swift; path = GaanaServiceTest.swift; sourceTree = "<group>"; };
		C465EAC422EC38FC001BF59B /* ServiceDummy.json */ = {isa = PBXFileReference; lastKnownFileType = text.json; path = ServiceDummy.json; sourceTree = "<group>"; };
		C465EAC622EC3C95001BF59B /* Top50CollectionCell.swift */ = {isa = PBXFileReference; lastKnownFileType = sourcecode.swift; path = Top50CollectionCell.swift; sourceTree = "<group>"; };
		C465EAC722EC3C95001BF59B /* Top50CollectionCell.xib */ = {isa = PBXFileReference; lastKnownFileType = file.xib; path = Top50CollectionCell.xib; sourceTree = "<group>"; };
/* End PBXFileReference section */

/* Begin PBXFrameworksBuildPhase section */
		C465EA6922EC2E6A001BF59B /* Frameworks */ = {
			isa = PBXFrameworksBuildPhase;
			buildActionMask = 2147483647;
			files = (
			);
			runOnlyForDeploymentPostprocessing = 0;
		};
		C465EA8022EC2E70001BF59B /* Frameworks */ = {
			isa = PBXFrameworksBuildPhase;
			buildActionMask = 2147483647;
			files = (
			);
			runOnlyForDeploymentPostprocessing = 0;
		};
		C465EA8B22EC2E70001BF59B /* Frameworks */ = {
			isa = PBXFrameworksBuildPhase;
			buildActionMask = 2147483647;
			files = (
			);
			runOnlyForDeploymentPostprocessing = 0;
		};
/* End PBXFrameworksBuildPhase section */

/* Begin PBXGroup section */
		C465EA6322EC2E6A001BF59B = {
			isa = PBXGroup;
			children = (
				C465EA6E22EC2E6A001BF59B /* GaanaAssignment */,
				C465EA8622EC2E70001BF59B /* GaanaAssignmentTests */,
				C465EA9122EC2E70001BF59B /* GaanaAssignmentUITests */,
				C465EA6D22EC2E6A001BF59B /* Products */,
			);
			sourceTree = "<group>";
		};
		C465EA6D22EC2E6A001BF59B /* Products */ = {
			isa = PBXGroup;
			children = (
				C465EA6C22EC2E6A001BF59B /* GaanaAssignment.app */,
				C465EA8322EC2E70001BF59B /* GaanaAssignmentTests.xctest */,
				C465EA8E22EC2E70001BF59B /* GaanaAssignmentUITests.xctest */,
			);
			name = Products;
			sourceTree = "<group>";
		};
		C465EA6E22EC2E6A001BF59B /* GaanaAssignment */ = {
			isa = PBXGroup;
			children = (
				C465EAA522EC3036001BF59B /* Storyboard */,
				C465EAA122EC2FF7001BF59B /* Models */,
				C465EAA322EC2FF8001BF59B /* Utilities */,
				C465EAA022EC2FF7001BF59B /* View */,
				C465EAA222EC2FF8001BF59B /* ViewController */,
				C465EAA422EC2FF8001BF59B /* ViewModels */,
				C465EA6F22EC2E6A001BF59B /* AppDelegate.swift */,
				C465EA7922EC2E70001BF59B /* Assets.xcassets */,
				C465EA7E22EC2E70001BF59B /* Info.plist */,
				C465EA7622EC2E6A001BF59B /* GaanaAssignment.xcdatamodeld */,
			);
			path = GaanaAssignment;
			sourceTree = "<group>";
		};
		C465EA8622EC2E70001BF59B /* GaanaAssignmentTests */ = {
			isa = PBXGroup;
			children = (
				C465EA8722EC2E70001BF59B /* GaanaAssignmentTests.swift */,
				C465EA8922EC2E70001BF59B /* Info.plist */,
				C465EAC222EC38B6001BF59B /* GaanaServiceTest.swift */,
				C465EAC422EC38FC001BF59B /* ServiceDummy.json */,
			);
			path = GaanaAssignmentTests;
			sourceTree = "<group>";
		};
		C465EA9122EC2E70001BF59B /* GaanaAssignmentUITests */ = {
			isa = PBXGroup;
			children = (
				C465EA9222EC2E70001BF59B /* GaanaAssignmentUITests.swift */,
				C465EA9422EC2E70001BF59B /* Info.plist */,
			);
			path = GaanaAssignmentUITests;
			sourceTree = "<group>";
		};
		C465EAA022EC2FF7001BF59B /* View */ = {
			isa = PBXGroup;
			children = (
				C465EAAA22EC318C001BF59B /* GaanaTableViewCell.swift */,
				C465EAC622EC3C95001BF59B /* Top50CollectionCell.swift */,
			);
			path = View;
			sourceTree = "<group>";
		};
		C465EAA122EC2FF7001BF59B /* Models */ = {
			isa = PBXGroup;
			children = (
				C465EAB122EC3386001BF59B /* GaanaBase.swift */,
				C465EAB022EC3386001BF59B /* Sections.swift */,
				C465EAB222EC3386001BF59B /* Tracks.swift */,
			);
			path = Models;
			sourceTree = "<group>";
		};
		C465EAA222EC2FF8001BF59B /* ViewController */ = {
			isa = PBXGroup;
			children = (
				C465EA7122EC2E6A001BF59B /* ViewController.swift */,
			);
			path = ViewController;
			sourceTree = "<group>";
		};
		C465EAA322EC2FF8001BF59B /* Utilities */ = {
			isa = PBXGroup;
			children = (
				C465EAB622EC33C9001BF59B /* NetworkDataLoader.swift */,
				C465EAB922EC344F001BF59B /* APIErrors.swift */,
				C465EAC022EC35E0001BF59B /* String+URLRequest.swift */,
				C465EABA22EC344F001BF59B /* AsyncImageView.swift */,
			);
			path = Utilities;
			sourceTree = "<group>";
		};
		C465EAA422EC2FF8001BF59B /* ViewModels */ = {
			isa = PBXGroup;
			children = (
				C465EAAE22EC32A6001BF59B /* GaanaViewModel.swift */,
			);
			path = ViewModels;
			sourceTree = "<group>";
		};
		C465EAA522EC3036001BF59B /* Storyboard */ = {
			isa = PBXGroup;
			children = (
				C465EA7B22EC2E70001BF59B /* LaunchScreen.storyboard */,
				C465EA7322EC2E6A001BF59B /* Main.storyboard */,
				C465EAAB22EC318C001BF59B /* GaanaTableViewCell.xib */,
				C465EAC722EC3C95001BF59B /* Top50CollectionCell.xib */,
			);
			path = Storyboard;
			sourceTree = "<group>";
		};
/* End PBXGroup section */

/* Begin PBXNativeTarget section */
		C465EA6B22EC2E6A001BF59B /* GaanaAssignment */ = {
			isa = PBXNativeTarget;
			buildConfigurationList = C465EA9722EC2E70001BF59B /* Build configuration list for PBXNativeTarget "GaanaAssignment" */;
			buildPhases = (
				C465EA6822EC2E6A001BF59B /* Sources */,
				C465EA6922EC2E6A001BF59B /* Frameworks */,
				C465EA6A22EC2E6A001BF59B /* Resources */,
			);
			buildRules = (
			);
			dependencies = (
			);
			name = GaanaAssignment;
			productName = GaanaAssignment;
			productReference = C465EA6C22EC2E6A001BF59B /* GaanaAssignment.app */;
			productType = "com.apple.product-type.application";
		};
		C465EA8222EC2E70001BF59B /* GaanaAssignmentTests */ = {
			isa = PBXNativeTarget;
			buildConfigurationList = C465EA9A22EC2E70001BF59B /* Build configuration list for PBXNativeTarget "GaanaAssignmentTests" */;
			buildPhases = (
				C465EA7F22EC2E70001BF59B /* Sources */,
				C465EA8022EC2E70001BF59B /* Frameworks */,
				C465EA8122EC2E70001BF59B /* Resources */,
			);
			buildRules = (
			);
			dependencies = (
				C465EA8522EC2E70001BF59B /* PBXTargetDependency */,
			);
			name = GaanaAssignmentTests;
			productName = GaanaAssignmentTests;
			productReference = C465EA8322EC2E70001BF59B /* GaanaAssignmentTests.xctest */;
			productType = "com.apple.product-type.bundle.unit-test";
		};
		C465EA8D22EC2E70001BF59B /* GaanaAssignmentUITests */ = {
			isa = PBXNativeTarget;
			buildConfigurationList = C465EA9D22EC2E70001BF59B /* Build configuration list for PBXNativeTarget "GaanaAssignmentUITests" */;
			buildPhases = (
				C465EA8A22EC2E70001BF59B /* Sources */,
				C465EA8B22EC2E70001BF59B /* Frameworks */,
				C465EA8C22EC2E70001BF59B /* Resources */,
			);
			buildRules = (
			);
			dependencies = (
				C465EA9022EC2E70001BF59B /* PBXTargetDependency */,
			);
			name = GaanaAssignmentUITests;
			productName = GaanaAssignmentUITests;
			productReference = C465EA8E22EC2E70001BF59B /* GaanaAssignmentUITests.xctest */;
			productType = "com.apple.product-type.bundle.ui-testing";
		};
/* End PBXNativeTarget section */

/* Begin PBXProject section */
		C465EA6422EC2E6A001BF59B /* Project object */ = {
			isa = PBXProject;
			attributes = {
				LastSwiftUpdateCheck = 1020;
				LastUpgradeCheck = 1020;
				ORGANIZATIONNAME = "Himanshu Saraswat";
				TargetAttributes = {
					C465EA6B22EC2E6A001BF59B = {
						CreatedOnToolsVersion = 10.2.1;
					};
					C465EA8222EC2E70001BF59B = {
						CreatedOnToolsVersion = 10.2.1;
						TestTargetID = C465EA6B22EC2E6A001BF59B;
					};
					C465EA8D22EC2E70001BF59B = {
						CreatedOnToolsVersion = 10.2.1;
						TestTargetID = C465EA6B22EC2E6A001BF59B;
					};
				};
			};
			buildConfigurationList = C465EA6722EC2E6A001BF59B /* Build configuration list for PBXProject "GaanaAssignment" */;
			compatibilityVersion = "Xcode 9.3";
			developmentRegion = en;
			hasScannedForEncodings = 0;
			knownRegions = (
				en,
				Base,
			);
			mainGroup = C465EA6322EC2E6A001BF59B;
			productRefGroup = C465EA6D22EC2E6A001BF59B /* Products */;
			projectDirPath = "";
			projectRoot = "";
			targets = (
				C465EA6B22EC2E6A001BF59B /* GaanaAssignment */,
				C465EA8222EC2E70001BF59B /* GaanaAssignmentTests */,
				C465EA8D22EC2E70001BF59B /* GaanaAssignmentUITests */,
			);
		};
/* End PBXProject section */

/* Begin PBXResourcesBuildPhase section */
		C465EA6A22EC2E6A001BF59B /* Resources */ = {
			isa = PBXResourcesBuildPhase;
			buildActionMask = 2147483647;
			files = (
				C465EA7D22EC2E70001BF59B /* LaunchScreen.storyboard in Resources */,
				C465EA7A22EC2E70001BF59B /* Assets.xcassets in Resources */,
				C465EAAD22EC318C001BF59B /* GaanaTableViewCell.xib in Resources */,
				C465EA7522EC2E6A001BF59B /* Main.storyboard in Resources */,
				C465EAC922EC3C95001BF59B /* Top50CollectionCell.xib in Resources */,
			);
			runOnlyForDeploymentPostprocessing = 0;
		};
		C465EA8122EC2E70001BF59B /* Resources */ = {
			isa = PBXResourcesBuildPhase;
			buildActionMask = 2147483647;
			files = (
				C465EAC522EC38FC001BF59B /* ServiceDummy.json in Resources */,
			);
			runOnlyForDeploymentPostprocessing = 0;
		};
		C465EA8C22EC2E70001BF59B /* Resources */ = {
			isa = PBXResourcesBuildPhase;
			buildActionMask = 2147483647;
			files = (
			);
			runOnlyForDeploymentPostprocessing = 0;
		};
/* End PBXResourcesBuildPhase section */

/* Begin PBXSourcesBuildPhase section */
		C465EA6822EC2E6A001BF59B /* Sources */ = {
			isa = PBXSourcesBuildPhase;
			buildActionMask = 2147483647;
			files = (
				C465EAC122EC35E0001BF59B /* String+URLRequest.swift in Sources */,
				C465EAB422EC3386001BF59B /* GaanaBase.swift in Sources */,
				C465EA7222EC2E6A001BF59B /* ViewController.swift in Sources */,
				C465EAB322EC3386001BF59B /* Sections.swift in Sources */,
				C465EABC22EC344F001BF59B /* APIErrors.swift in Sources */,
				C465EA7822EC2E6A001BF59B /* GaanaAssignment.xcdatamodeld in Sources */,
				C465EAAC22EC318C001BF59B /* GaanaTableViewCell.swift in Sources */,
				C465EAB722EC33C9001BF59B /* NetworkDataLoader.swift in Sources */,
				C465EA7022EC2E6A001BF59B /* AppDelegate.swift in Sources */,
				C465EAAF22EC32A6001BF59B /* GaanaViewModel.swift in Sources */,
				C465EAC822EC3C95001BF59B /* Top50CollectionCell.swift in Sources */,
				C465EAB522EC3386001BF59B /* Tracks.swift in Sources */,
				C465EABD22EC344F001BF59B /* AsyncImageView.swift in Sources */,
			);
			runOnlyForDeploymentPostprocessing = 0;
		};
		C465EA7F22EC2E70001BF59B /* Sources */ = {
			isa = PBXSourcesBuildPhase;
			buildActionMask = 2147483647;
			files = (
				C465EAC322EC38B6001BF59B /* GaanaServiceTest.swift in Sources */,
				C465EA8822EC2E70001BF59B /* GaanaAssignmentTests.swift in Sources */,
			);
			runOnlyForDeploymentPostprocessing = 0;
		};
		C465EA8A22EC2E70001BF59B /* Sources */ = {
			isa = PBXSourcesBuildPhase;
			buildActionMask = 2147483647;
			files = (
				C465EA9322EC2E70001BF59B /* GaanaAssignmentUITests.swift in Sources */,
			);
			runOnlyForDeploymentPostprocessing = 0;
		};
/* End PBXSourcesBuildPhase section */

/* Begin PBXTargetDependency section */
		C465EA8522EC2E70001BF59B /* PBXTargetDependency */ = {
			isa = PBXTargetDependency;
			target = C465EA6B22EC2E6A001BF59B /* GaanaAssignment */;
			targetProxy = C465EA8422EC2E70001BF59B /* PBXContainerItemProxy */;
		};
		C465EA9022EC2E70001BF59B /* PBXTargetDependency */ = {
			isa = PBXTargetDependency;
			target = C465EA6B22EC2E6A001BF59B /* GaanaAssignment */;
			targetProxy = C465EA8F22EC2E70001BF59B /* PBXContainerItemProxy */;
		};
/* End PBXTargetDependency section */

/* Begin PBXVariantGroup section */
		C465EA7322EC2E6A001BF59B /* Main.storyboard */ = {
			isa = PBXVariantGroup;
			children = (
				C465EA7422EC2E6A001BF59B /* Base */,
			);
			name = Main.storyboard;
			sourceTree = "<group>";
		};
		C465EA7B22EC2E70001BF59B /* LaunchScreen.storyboard */ = {
			isa = PBXVariantGroup;
			children = (
				C465EA7C22EC2E70001BF59B /* Base */,
			);
			name = LaunchScreen.storyboard;
			sourceTree = "<group>";
		};
/* End PBXVariantGroup section */

/* Begin XCBuildConfiguration section */
		C465EA9522EC2E70001BF59B /* Debug */ = {
			isa = XCBuildConfiguration;
			buildSettings = {
				ALWAYS_SEARCH_USER_PATHS = NO;
				CLANG_ANALYZER_NONNULL = YES;
				CLANG_ANALYZER_NUMBER_OBJECT_CONVERSION = YES_AGGRESSIVE;
				CLANG_CXX_LANGUAGE_STANDARD = "gnu++14";
				CLANG_CXX_LIBRARY = "libc++";
				CLANG_ENABLE_MODULES = YES;
				CLANG_ENABLE_OBJC_ARC = YES;
				CLANG_ENABLE_OBJC_WEAK = YES;
				CLANG_WARN_BLOCK_CAPTURE_AUTORELEASING = YES;
				CLANG_WARN_BOOL_CONVERSION = YES;
				CLANG_WARN_COMMA = YES;
				CLANG_WARN_CONSTANT_CONVERSION = YES;
				CLANG_WARN_DEPRECATED_OBJC_IMPLEMENTATIONS = YES;
				CLANG_WARN_DIRECT_OBJC_ISA_USAGE = YES_ERROR;
				CLANG_WARN_DOCUMENTATION_COMMENTS = YES;
				CLANG_WARN_EMPTY_BODY = YES;
				CLANG_WARN_ENUM_CONVERSION = YES;
				CLANG_WARN_INFINITE_RECURSION = YES;
				CLANG_WARN_INT_CONVERSION = YES;
				CLANG_WARN_NON_LITERAL_NULL_CONVERSION = YES;
				CLANG_WARN_OBJC_IMPLICIT_RETAIN_SELF = YES;
				CLANG_WARN_OBJC_LITERAL_CONVERSION = YES;
				CLANG_WARN_OBJC_ROOT_CLASS = YES_ERROR;
				CLANG_WARN_RANGE_LOOP_ANALYSIS = YES;
				CLANG_WARN_STRICT_PROTOTYPES = YES;
				CLANG_WARN_SUSPICIOUS_MOVE = YES;
				CLANG_WARN_UNGUARDED_AVAILABILITY = YES_AGGRESSIVE;
				CLANG_WARN_UNREACHABLE_CODE = YES;
				CLANG_WARN__DUPLICATE_METHOD_MATCH = YES;
				CODE_SIGN_IDENTITY = "iPhone Developer";
				COPY_PHASE_STRIP = NO;
				DEBUG_INFORMATION_FORMAT = dwarf;
				ENABLE_STRICT_OBJC_MSGSEND = YES;
				ENABLE_TESTABILITY = YES;
				GCC_C_LANGUAGE_STANDARD = gnu11;
				GCC_DYNAMIC_NO_PIC = NO;
				GCC_NO_COMMON_BLOCKS = YES;
				GCC_OPTIMIZATION_LEVEL = 0;
				GCC_PREPROCESSOR_DEFINITIONS = (
					"DEBUG=1",
					"$(inherited)",
				);
				GCC_WARN_64_TO_32_BIT_CONVERSION = YES;
				GCC_WARN_ABOUT_RETURN_TYPE = YES_ERROR;
				GCC_WARN_UNDECLARED_SELECTOR = YES;
				GCC_WARN_UNINITIALIZED_AUTOS = YES_AGGRESSIVE;
				GCC_WARN_UNUSED_FUNCTION = YES;
				GCC_WARN_UNUSED_VARIABLE = YES;
				IPHONEOS_DEPLOYMENT_TARGET = 12.2;
				MTL_ENABLE_DEBUG_INFO = INCLUDE_SOURCE;
				MTL_FAST_MATH = YES;
				ONLY_ACTIVE_ARCH = YES;
				SDKROOT = iphoneos;
				SWIFT_ACTIVE_COMPILATION_CONDITIONS = DEBUG;
				SWIFT_OPTIMIZATION_LEVEL = "-Onone";
			};
			name = Debug;
		};
		C465EA9622EC2E70001BF59B /* Release */ = {
			isa = XCBuildConfiguration;
			buildSettings = {
				ALWAYS_SEARCH_USER_PATHS = NO;
				CLANG_ANALYZER_NONNULL = YES;
				CLANG_ANALYZER_NUMBER_OBJECT_CONVERSION = YES_AGGRESSIVE;
				CLANG_CXX_LANGUAGE_STANDARD = "gnu++14";
				CLANG_CXX_LIBRARY = "libc++";
				CLANG_ENABLE_MODULES = YES;
				CLANG_ENABLE_OBJC_ARC = YES;
				CLANG_ENABLE_OBJC_WEAK = YES;
				CLANG_WARN_BLOCK_CAPTURE_AUTORELEASING = YES;
				CLANG_WARN_BOOL_CONVERSION = YES;
				CLANG_WARN_COMMA = YES;
				CLANG_WARN_CONSTANT_CONVERSION = YES;
				CLANG_WARN_DEPRECATED_OBJC_IMPLEMENTATIONS = YES;
				CLANG_WARN_DIRECT_OBJC_ISA_USAGE = YES_ERROR;
				CLANG_WARN_DOCUMENTATION_COMMENTS = YES;
				CLANG_WARN_EMPTY_BODY = YES;
				CLANG_WARN_ENUM_CONVERSION = YES;
				CLANG_WARN_INFINITE_RECURSION = YES;
				CLANG_WARN_INT_CONVERSION = YES;
				CLANG_WARN_NON_LITERAL_NULL_CONVERSION = YES;
				CLANG_WARN_OBJC_IMPLICIT_RETAIN_SELF = YES;
				CLANG_WARN_OBJC_LITERAL_CONVERSION = YES;
				CLANG_WARN_OBJC_ROOT_CLASS = YES_ERROR;
				CLANG_WARN_RANGE_LOOP_ANALYSIS = YES;
				CLANG_WARN_STRICT_PROTOTYPES = YES;
				CLANG_WARN_SUSPICIOUS_MOVE = YES;
				CLANG_WARN_UNGUARDED_AVAILABILITY = YES_AGGRESSIVE;
				CLANG_WARN_UNREACHABLE_CODE = YES;
				CLANG_WARN__DUPLICATE_METHOD_MATCH = YES;
				CODE_SIGN_IDENTITY = "iPhone Developer";
				COPY_PHASE_STRIP = NO;
				DEBUG_INFORMATION_FORMAT = "dwarf-with-dsym";
				ENABLE_NS_ASSERTIONS = NO;
				ENABLE_STRICT_OBJC_MSGSEND = YES;
				GCC_C_LANGUAGE_STANDARD = gnu11;
				GCC_NO_COMMON_BLOCKS = YES;
				GCC_WARN_64_TO_32_BIT_CONVERSION = YES;
				GCC_WARN_ABOUT_RETURN_TYPE = YES_ERROR;
				GCC_WARN_UNDECLARED_SELECTOR = YES;
				GCC_WARN_UNINITIALIZED_AUTOS = YES_AGGRESSIVE;
				GCC_WARN_UNUSED_FUNCTION = YES;
				GCC_WARN_UNUSED_VARIABLE = YES;
				IPHONEOS_DEPLOYMENT_TARGET = 12.2;
				MTL_ENABLE_DEBUG_INFO = NO;
				MTL_FAST_MATH = YES;
				SDKROOT = iphoneos;
				SWIFT_COMPILATION_MODE = wholemodule;
				SWIFT_OPTIMIZATION_LEVEL = "-O";
				VALIDATE_PRODUCT = YES;
			};
			name = Release;
		};
		C465EA9822EC2E70001BF59B /* Debug */ = {
			isa = XCBuildConfiguration;
			buildSettings = {
				ASSETCATALOG_COMPILER_APPICON_NAME = AppIcon;
				CODE_SIGN_STYLE = Automatic;
				INFOPLIST_FILE = GaanaAssignment/Info.plist;
				LD_RUNPATH_SEARCH_PATHS = (
					"$(inherited)",
					"@executable_path/Frameworks",
				);
				PRODUCT_BUNDLE_IDENTIFIER = com.test.data.GaanaAssignment;
				PRODUCT_NAME = "$(TARGET_NAME)";
				SWIFT_VERSION = 5.0;
				TARGETED_DEVICE_FAMILY = "1,2";
			};
			name = Debug;
		};
		C465EA9922EC2E70001BF59B /* Release */ = {
			isa = XCBuildConfiguration;
			buildSettings = {
				ASSETCATALOG_COMPILER_APPICON_NAME = AppIcon;
				CODE_SIGN_STYLE = Automatic;
				INFOPLIST_FILE = GaanaAssignment/Info.plist;
				LD_RUNPATH_SEARCH_PATHS = (
					"$(inherited)",
					"@executable_path/Frameworks",
				);
				PRODUCT_BUNDLE_IDENTIFIER = com.test.data.GaanaAssignment;
				PRODUCT_NAME = "$(TARGET_NAME)";
				SWIFT_VERSION = 5.0;
				TARGETED_DEVICE_FAMILY = "1,2";
			};
			name = Release;
		};
		C465EA9B22EC2E70001BF59B /* Debug */ = {
			isa = XCBuildConfiguration;
			buildSettings = {
				ALWAYS_EMBED_SWIFT_STANDARD_LIBRARIES = YES;
				BUNDLE_LOADER = "$(TEST_HOST)";
				CODE_SIGN_STYLE = Automatic;
				INFOPLIST_FILE = GaanaAssignmentTests/Info.plist;
				LD_RUNPATH_SEARCH_PATHS = (
					"$(inherited)",
					"@executable_path/Frameworks",
					"@loader_path/Frameworks",
				);
				PRODUCT_BUNDLE_IDENTIFIER = com.test.data.GaanaAssignmentTests;
				PRODUCT_NAME = "$(TARGET_NAME)";
				SWIFT_VERSION = 5.0;
				TARGETED_DEVICE_FAMILY = "1,2";
				TEST_HOST = "$(BUILT_PRODUCTS_DIR)/GaanaAssignment.app/GaanaAssignment";
			};
			name = Debug;
		};
		C465EA9C22EC2E70001BF59B /* Release */ = {
			isa = XCBuildConfiguration;
			buildSettings = {
				ALWAYS_EMBED_SWIFT_STANDARD_LIBRARIES = YES;
				BUNDLE_LOADER = "$(TEST_HOST)";
				CODE_SIGN_STYLE = Automatic;
				INFOPLIST_FILE = GaanaAssignmentTests/Info.plist;
				LD_RUNPATH_SEARCH_PATHS = (
					"$(inherited)",
					"@executable_path/Frameworks",
					"@loader_path/Frameworks",
				);
				PRODUCT_BUNDLE_IDENTIFIER = com.test.data.GaanaAssignmentTests;
				PRODUCT_NAME = "$(TARGET_NAME)";
				SWIFT_VERSION = 5.0;
				TARGETED_DEVICE_FAMILY = "1,2";
				TEST_HOST = "$(BUILT_PRODUCTS_DIR)/GaanaAssignment.app/GaanaAssignment";
			};
			name = Release;
		};
		C465EA9E22EC2E70001BF59B /* Debug */ = {
			isa = XCBuildConfiguration;
			buildSettings = {
				ALWAYS_EMBED_SWIFT_STANDARD_LIBRARIES = YES;
				CODE_SIGN_STYLE = Automatic;
				INFOPLIST_FILE = GaanaAssignmentUITests/Info.plist;
				LD_RUNPATH_SEARCH_PATHS = (
					"$(inherited)",
					"@executable_path/Frameworks",
					"@loader_path/Frameworks",
				);
				PRODUCT_BUNDLE_IDENTIFIER = com.test.data.GaanaAssignmentUITests;
				PRODUCT_NAME = "$(TARGET_NAME)";
				SWIFT_VERSION = 5.0;
				TARGETED_DEVICE_FAMILY = "1,2";
				TEST_TARGET_NAME = GaanaAssignment;
			};
			name = Debug;
		};
		C465EA9F22EC2E70001BF59B /* Release */ = {
			isa = XCBuildConfiguration;
			buildSettings = {
				ALWAYS_EMBED_SWIFT_STANDARD_LIBRARIES = YES;
				CODE_SIGN_STYLE = Automatic;
				INFOPLIST_FILE = GaanaAssignmentUITests/Info.plist;
				LD_RUNPATH_SEARCH_PATHS = (
					"$(inherited)",
					"@executable_path/Frameworks",
					"@loader_path/Frameworks",
				);
				PRODUCT_BUNDLE_IDENTIFIER = com.test.data.GaanaAssignmentUITests;
				PRODUCT_NAME = "$(TARGET_NAME)";
				SWIFT_VERSION = 5.0;
				TARGETED_DEVICE_FAMILY = "1,2";
				TEST_TARGET_NAME = GaanaAssignment;
			};
			name = Release;
		};
/* End XCBuildConfiguration section */

/* Begin XCConfigurationList section */
		C465EA6722EC2E6A001BF59B /* Build configuration list for PBXProject "GaanaAssignment" */ = {
			isa = XCConfigurationList;
			buildConfigurations = (
				C465EA9522EC2E70001BF59B /* Debug */,
				C465EA9622EC2E70001BF59B /* Release */,
			);
			defaultConfigurationIsVisible = 0;
			defaultConfigurationName = Release;
		};
		C465EA9722EC2E70001BF59B /* Build configuration list for PBXNativeTarget "GaanaAssignment" */ = {
			isa = XCConfigurationList;
			buildConfigurations = (
				C465EA9822EC2E70001BF59B /* Debug */,
				C465EA9922EC2E70001BF59B /* Release */,
			);
			defaultConfigurationIsVisible = 0;
			defaultConfigurationName = Release;
		};
		C465EA9A22EC2E70001BF59B /* Build configuration list for PBXNativeTarget "GaanaAssignmentTests" */ = {
			isa = XCConfigurationList;
			buildConfigurations = (
				C465EA9B22EC2E70001BF59B /* Debug */,
				C465EA9C22EC2E70001BF59B /* Release */,
			);
			defaultConfigurationIsVisible = 0;
			defaultConfigurationName = Release;
		};
		C465EA9D22EC2E70001BF59B /* Build configuration list for PBXNativeTarget "GaanaAssignmentUITests" */ = {
			isa = XCConfigurationList;
			buildConfigurations = (
				C465EA9E22EC2E70001BF59B /* Debug */,
				C465EA9F22EC2E70001BF59B /* Release */,
			);
			defaultConfigurationIsVisible = 0;
			defaultConfigurationName = Release;
		};
/* End XCConfigurationList section */

/* Begin XCVersionGroup section */
		C465EA7622EC2E6A001BF59B /* GaanaAssignment.xcdatamodeld */ = {
			isa = XCVersionGroup;
			children = (
				C465EA7722EC2E6A001BF59B /* GaanaAssignment.xcdatamodel */,
			);
			currentVersion = C465EA7722EC2E6A001BF59B /* GaanaAssignment.xcdatamodel */;
			path = GaanaAssignment.xcdatamodeld;
			sourceTree = "<group>";
			versionGroupType = wrapper.xcdatamodel;
		};
/* End XCVersionGroup section */
	};
	rootObject = C465EA6422EC2E6A001BF59B /* Project object */;
}
